
Microsoft Visual Studio Solution File, Format Version 12.00
# Visual Studio Version 16
VisualStudioVersion = 16.0.31729.503
MinimumVisualStudioVersion = 10.0.40219.1
Project("{FAE04EC0-301F-11D3-BF4B-00C04F79EFBC}") = "Bruger_gm", "Bruger_gm.csproj", "{E59524E4-743C-479A-AE51-7DCBF63AB7DA}"
EndProject
Global
	GlobalSection(SolutionConfigurationPlatforms) = preSolution
		Debug|Any CPU = Debug|Any CPU
		Release|Any CPU = Release|Any CPU
	EndGlobalSection
	GlobalSection(ProjectConfigurationPlatforms) = postSolution
		{E59524E4-743C-479A-AE51-7DCBF63AB7DA}.Debug|Any CPU.ActiveCfg = Debug|Any CPU
		{E59524E4-743C-479A-AE51-7DCBF63AB7DA}.Debug|Any CPU.Build.0 = Debug|Any CPU
		{E59524E4-743C-479A-AE51-7DCBF63AB7DA}.Release|Any CPU.ActiveCfg = Release|Any CPU
		{E59524E4-743C-479A-AE51-7DCBF63AB7DA}.Release|Any CPU.Build.0 = Release|Any CPU
	EndGlobalSection
	GlobalSection(SolutionProperties) = preSolution
		HideSolutionNode = FALSE
	EndGlobalSection
	GlobalSection(ExtensibilityGlobals) = postSolution
		SolutionGuid = {E98159FD-353C-46C0-9CE1-2796803DA9F4}
	EndGlobalSection
EndGlobal
